<?xml version="1.0" encoding="utf-8"?>
<Project ToolsVersion="4.0" xmlns="http://schemas.microsoft.com/developer/msbuild/2003">
  <ItemGroup>
    <Filter Include="Vertex">
      <UniqueIdentifier>{043b67ee-4b0e-4f81-8e05-2326f633ed83}</UniqueIdentifier>
    </Filter>
    <Filter Include="Pixel">
      <UniqueIdentifier>{5bbf01c6-60cd-4097-b621-4d1dfb5d64c3}</UniqueIdentifier>
    </Filter>
  </ItemGroup>
  <ItemGroup>
    <FxCompile Include="Vertex_Passthrough.hlsl">
      <Filter>Vertex</Filter>
    </FxCompile>
    <FxCompile Include="Pixel_Debug.hlsl">
      <Filter>Pixel</Filter>
    </FxCompile>
    <FxCompile Include="Vertex_FSQuadPassthrough.hlsl">
      <Filter>Vertex</Filter>
    </FxCompile>
    <FxCompile Include="Pixel_Blit.hlsl">
      <Filter>Pixel</Filter>
    </FxCompile>
    <FxCompile Include="Pixel_BlitLight.hlsl">
      <Filter>Pixel</Filter>
    </FxCompile>
    <FxCompile Include="Vertex_TexturedPassthrough.hlsl">
      <Filter>Vertex</Filter>
    </FxCompile>
    <FxCompile Include="Pixel_Skybox.hlsl">
      <Filter>Pixel</Filter>
    </FxCompile>
  </ItemGroup>
  <ItemGroup>
    <None Include="Common.hlsli" />
    <None Include="CommonCBuffers.hlsli" />
  </ItemGroup>
</Project>