<?xml version="1.0" encoding="utf-8"?>
<Project ToolsVersion="4.0" xmlns="http://schemas.microsoft.com/developer/msbuild/2003">
  <ItemGroup>
    <Filter Include="Vertex">
      <UniqueIdentifier>{043b67ee-4b0e-4f81-8e05-2326f633ed83}</UniqueIdentifier>
    </Filter>
    <Filter Include="Pixel">
      <UniqueIdentifier>{5bbf01c6-60cd-4097-b621-4d1dfb5d64c3}</UniqueIdentifier>
    </Filter>
    <Filter Include="Pixel\Lights">
      <UniqueIdentifier>{82d63d33-8e3f-4141-97ee-8bf7515f023e}</UniqueIdentifier>
    </Filter>
    <Filter Include="Pixel\PostProcess">
      <UniqueIdentifier>{28578fa1-fcfd-4357-9249-ef051fe9aa20}</UniqueIdentifier>
    </Filter>
    <Filter Include="Hull">
      <UniqueIdentifier>{9ed60d6b-be52-495b-a06d-d159950a2867}</UniqueIdentifier>
    </Filter>
    <Filter Include="Domain">
      <UniqueIdentifier>{88720f60-39dc-4a5f-8f05-230eed130678}</UniqueIdentifier>
    </Filter>
  </ItemGroup>
  <ItemGroup>
    <FxCompile Include="Vertex_Passthrough.hlsl">
      <Filter>Vertex</Filter>
    </FxCompile>
    <FxCompile Include="Pixel_Debug.hlsl">
      <Filter>Pixel</Filter>
    </FxCompile>
    <FxCompile Include="Pixel_Blit.hlsl">
      <Filter>Pixel</Filter>
    </FxCompile>
    <FxCompile Include="Pixel_BlitLight.hlsl">
      <Filter>Pixel</Filter>
    </FxCompile>
    <FxCompile Include="Pixel_Skybox.hlsl">
      <Filter>Pixel</Filter>
    </FxCompile>
    <FxCompile Include="Pixel_Light_Ambient.hlsl">
      <Filter>Pixel\Lights</Filter>
    </FxCompile>
    <FxCompile Include="Vertex_Transform_Textured.hlsl">
      <Filter>Vertex</Filter>
    </FxCompile>
    <FxCompile Include="Vertex_Passthrough_Textured.hlsl">
      <Filter>Vertex</Filter>
    </FxCompile>
    <FxCompile Include="Vertex_Transform_TexturedNormal.hlsl">
      <Filter>Vertex</Filter>
    </FxCompile>
    <FxCompile Include="Vertex_Skybox.hlsl">
      <Filter>Vertex</Filter>
    </FxCompile>
    <FxCompile Include="Vertex_Transform_Full.hlsl">
      <Filter>Vertex</Filter>
    </FxCompile>
    <FxCompile Include="Pixel_Physical_SolidColour.hlsl">
      <Filter>Pixel</Filter>
    </FxCompile>
    <FxCompile Include="Pixel_Light_Directional.hlsl">
      <Filter>Pixel\Lights</Filter>
    </FxCompile>
    <FxCompile Include="Pixel_Physical_SimpleTextured.hlsl">
      <Filter>Pixel</Filter>
    </FxCompile>
    <FxCompile Include="Pixel_Physical_BumpTextured.hlsl">
      <Filter>Pixel</Filter>
    </FxCompile>
    <FxCompile Include="Pixel_FXAA3.hlsl">
      <Filter>Pixel\PostProcess</Filter>
    </FxCompile>
    <FxCompile Include="Pixel_Physical_Reflective.hlsl">
      <Filter>Pixel</Filter>
    </FxCompile>
    <FxCompile Include="Hull_Passthrough.hlsl">
      <Filter>Hull</Filter>
    </FxCompile>
    <FxCompile Include="Domain_Passthrough.hlsl">
      <Filter>Domain</Filter>
    </FxCompile>
    <FxCompile Include="Pixel_Light_Point.hlsl">
      <Filter>Pixel\Lights</Filter>
    </FxCompile>
    <FxCompile Include="Pixel_Physical_AdvTextured.hlsl">
      <Filter>Pixel</Filter>
    </FxCompile>
    <FxCompile Include="Pixel_Shadow_VSM.hlsl">
      <Filter>Pixel\Lights</Filter>
    </FxCompile>
  </ItemGroup>
  <ItemGroup>
    <None Include="Common.hlsli" />
    <None Include="CommonCBuffers.hlsli" />
    <None Include="DeferredLight.hlsli">
      <Filter>Pixel\Lights</Filter>
    </None>
    <None Include="LightingModels.hlsli">
      <Filter>Pixel\Lights</Filter>
    </None>
    <None Include="CommonTransform.hlsli" />
    <None Include="Paraboloid.hlsli" />
    <None Include="VarianceShadowMapping.hlsli">
      <Filter>Pixel\Lights</Filter>
    </None>
  </ItemGroup>
</Project>